
Microsoft Visual Studio Solution File, Format Version 12.00
# Visual Studio Version 17
VisualStudioVersion = 17.0.31903.59
MinimumVisualStudioVersion = 10.0.40219.1
Project("{2150E333-8FDC-42A3-9474-1A3956D46DE8}") = "src", "src", "{827E0CD3-B72D-47B6-A68D-7590B98EB39B}"
EndProject
Project("{FAE04EC0-301F-11D3-BF4B-00C04F79EFBC}") = "Gof2Workshop.Core", "src\Gof2Workshop.Core\Gof2Workshop.Core.csproj", "{8054E93C-EC51-42C5-8F59-5699C4AB920E}"
EndProject
Project("{FAE04EC0-301F-11D3-BF4B-00C04F79EFBC}") = "Gof2Workshop.Binary", "src\Gof2Workshop.Binary\Gof2Workshop.Binary.csproj", "{9336017A-47F5-4459-8A16-3018BB9437DA}"
EndProject
Project("{FAE04EC0-301F-11D3-BF4B-00C04F79EFBC}") = "Gof2Workshop.Formats.Aei", "src\Gof2Workshop.Formats.Aei\Gof2Workshop.Formats.Aei.csproj", "{E9FCB04C-AD62-49EB-A04F-B61521FCEA92}"
EndProject
Project("{FAE04EC0-301F-11D3-BF4B-00C04F79EFBC}") = "Gof2Workshop.Formats.Aem", "src\Gof2Workshop.Formats.Aem\Gof2Workshop.Formats.Aem.csproj", "{8C36A60D-BBD8-452C-93DD-03049C2F196C}"
EndProject
Project("{FAE04EC0-301F-11D3-BF4B-00C04F79EFBC}") = "Gof2Workshop.Scene", "src\Gof2Workshop.Scene\Gof2Workshop.Scene.csproj", "{22BF98BE-6709-43F6-BCA9-E72D95209747}"
EndProject
Project("{FAE04EC0-301F-11D3-BF4B-00C04F79EFBC}") = "Gof2Workshop.Export", "src\Gof2Workshop.Export\Gof2Workshop.Export.csproj", "{D7C0204A-ED10-4276-8E6A-CCD082046233}"
EndProject
Project("{FAE04EC0-301F-11D3-BF4B-00C04F79EFBC}") = "Gof2Workshop.Testbed", "src\Gof2Workshop.Testbed\Gof2Workshop.Testbed.csproj", "{BB538EFC-7345-422F-8549-D15B3020C5AB}"
EndProject
Project("{2150E333-8FDC-42A3-9474-1A3956D46DE8}") = "tests", "tests", "{0AB3BF05-4346-4AA6-1389-037BE0695223}"
EndProject
Project("{FAE04EC0-301F-11D3-BF4B-00C04F79EFBC}") = "Gof2Workshop.Formats.Aei.Tests", "tests\Gof2Workshop.Formats.Aei.Tests\Gof2Workshop.Formats.Aei.Tests.csproj", "{7C53C0A1-5BA8-4D76-9C3D-4F404A397276}"
EndProject
Project("{FAE04EC0-301F-11D3-BF4B-00C04F79EFBC}") = "Gof2Workshop.Formats.Aem.Tests", "tests\Gof2Workshop.Formats.Aem.Tests\Gof2Workshop.Formats.Aem.Tests.csproj", "{6A167F04-280D-4DFE-86B2-FB2AD7994CF9}"
EndProject
Project("{FAE04EC0-301F-11D3-BF4B-00C04F79EFBC}") = "Gof2Workshop.IntegrationTests", "tests\Gof2Workshop.IntegrationTests\Gof2Workshop.IntegrationTests.csproj", "{CF23C222-77FC-4B1C-8530-D5BE9F6C6FF0}"
EndProject
Project("{FAE04EC0-301F-11D3-BF4B-00C04F79EFBC}") = "Gof2Workshop.Workbench", "src\Gof2Workshop.Workbench\Gof2Workshop.Workbench.csproj", "{043422F9-B04D-42D8-83A9-722CF5284AB7}"
EndProject
Project("{FAE04EC0-301F-11D3-BF4B-00C04F79EFBC}") = "Gof2Workshop.App", "src\Gof2Workshop.App\Gof2Workshop.App.csproj", "{73FF4838-829F-4C38-A59B-C3D10E9A0E62}"
EndProject
Project("{FAE04EC0-301F-11D3-BF4B-00C04F79EFBC}") = "Gof2Workshop.Workbench.Tests", "tests\Gof2Workshop.Workbench.Tests\Gof2Workshop.Workbench.Tests.csproj", "{3E63A4CB-81CB-4031-8DF8-56253DE76EC4}"
EndProject
Project("{FAE04EC0-301F-11D3-BF4B-00C04F79EFBC}") = "Gof2Workshop.Browser", "src\Gof2Workshop.Browser\Gof2Workshop.Browser.csproj", "{C5239209-6690-4C96-A073-05E41D1AEBC3}"
EndProject
Project("{FAE04EC0-301F-11D3-BF4B-00C04F79EFBC}") = "Gof2Workshop.Import", "src\Gof2Workshop.Import\Gof2Workshop.Import.csproj", "{D75ADAF9-5E12-46AC-A642-2ACF94832809}"
EndProject
Project("{FAE04EC0-301F-11D3-BF4B-00C04F79EFBC}") = "Gof2Workshop.GameData", "src\Gof2Workshop.GameData\Gof2Workshop.GameData.csproj", "{75A55FEC-2156-4C73-A081-21CFA730F671}"
EndProject
Project("{FAE04EC0-301F-11D3-BF4B-00C04F79EFBC}") = "Gof2Workshop.GameData.Tests", "tests\Gof2Workshop.GameData.Tests\Gof2Workshop.GameData.Tests.csproj", "{308072E2-7B3A-4007-BE41-3EA7403A8A7B}"
EndProject
Global
	GlobalSection(SolutionConfigurationPlatforms) = preSolution
		Debug|Any CPU = Debug|Any CPU
		Debug|x64 = Debug|x64
		Debug|x86 = Debug|x86
		Release|Any CPU = Release|Any CPU
		Release|x64 = Release|x64
		Release|x86 = Release|x86
	EndGlobalSection
	GlobalSection(ProjectConfigurationPlatforms) = postSolution
		{8054E93C-EC51-42C5-8F59-5699C4AB920E}.Debug|Any CPU.ActiveCfg = Debug|Any CPU
		{8054E93C-EC51-42C5-8F59-5699C4AB920E}.Debug|Any CPU.Build.0 = Debug|Any CPU
		{8054E93C-EC51-42C5-8F59-5699C4AB920E}.Debug|x64.ActiveCfg = Debug|Any CPU
		{8054E93C-EC51-42C5-8F59-5699C4AB920E}.Debug|x64.Build.0 = Debug|Any CPU
		{8054E93C-EC51-42C5-8F59-5699C4AB920E}.Debug|x86.ActiveCfg = Debug|Any CPU
		{8054E93C-EC51-42C5-8F59-5699C4AB920E}.Debug|x86.Build.0 = Debug|Any CPU
		{8054E93C-EC51-42C5-8F59-5699C4AB920E}.Release|Any CPU.ActiveCfg = Release|Any CPU
		{8054E93C-EC51-42C5-8F59-5699C4AB920E}.Release|Any CPU.Build.0 = Release|Any CPU
		{8054E93C-EC51-42C5-8F59-5699C4AB920E}.Release|x64.ActiveCfg = Release|Any CPU
		{8054E93C-EC51-42C5-8F59-5699C4AB920E}.Release|x64.Build.0 = Release|Any CPU
		{8054E93C-EC51-42C5-8F59-5699C4AB920E}.Release|x86.ActiveCfg = Release|Any CPU
		{8054E93C-EC51-42C5-8F59-5699C4AB920E}.Release|x86.Build.0 = Release|Any CPU
		{9336017A-47F5-4459-8A16-3018BB9437DA}.Debug|Any CPU.ActiveCfg = Debug|Any CPU
		{9336017A-47F5-4459-8A16-3018BB9437DA}.Debug|Any CPU.Build.0 = Debug|Any CPU
		{9336017A-47F5-4459-8A16-3018BB9437DA}.Debug|x64.ActiveCfg = Debug|Any CPU
		{9336017A-47F5-4459-8A16-3018BB9437DA}.Debug|x64.Build.0 = Debug|Any CPU
		{9336017A-47F5-4459-8A16-3018BB9437DA}.Debug|x86.ActiveCfg = Debug|Any CPU
		{9336017A-47F5-4459-8A16-3018BB9437DA}.Debug|x86.Build.0 = Debug|Any CPU
		{9336017A-47F5-4459-8A16-3018BB9437DA}.Release|Any CPU.ActiveCfg = Release|Any CPU
		{9336017A-47F5-4459-8A16-3018BB9437DA}.Release|Any CPU.Build.0 = Release|Any CPU
		{9336017A-47F5-4459-8A16-3018BB9437DA}.Release|x64.ActiveCfg = Release|Any CPU
		{9336017A-47F5-4459-8A16-3018BB9437DA}.Release|x64.Build.0 = Release|Any CPU
		{9336017A-47F5-4459-8A16-3018BB9437DA}.Release|x86.ActiveCfg = Release|Any CPU
		{9336017A-47F5-4459-8A16-3018BB9437DA}.Release|x86.Build.0 = Release|Any CPU
		{E9FCB04C-AD62-49EB-A04F-B61521FCEA92}.Debug|Any CPU.ActiveCfg = Debug|Any CPU
		{E9FCB04C-AD62-49EB-A04F-B61521FCEA92}.Debug|Any CPU.Build.0 = Debug|Any CPU
		{E9FCB04C-AD62-49EB-A04F-B61521FCEA92}.Debug|x64.ActiveCfg = Debug|Any CPU
		{E9FCB04C-AD62-49EB-A04F-B61521FCEA92}.Debug|x64.Build.0 = Debug|Any CPU
		{E9FCB04C-AD62-49EB-A04F-B61521FCEA92}.Debug|x86.ActiveCfg = Debug|Any CPU
		{E9FCB04C-AD62-49EB-A04F-B61521FCEA92}.Debug|x86.Build.0 = Debug|Any CPU
		{E9FCB04C-AD62-49EB-A04F-B61521FCEA92}.Release|Any CPU.ActiveCfg = Release|Any CPU
		{E9FCB04C-AD62-49EB-A04F-B61521FCEA92}.Release|Any CPU.Build.0 = Release|Any CPU
		{E9FCB04C-AD62-49EB-A04F-B61521FCEA92}.Release|x64.ActiveCfg = Release|Any CPU
		{E9FCB04C-AD62-49EB-A04F-B61521FCEA92}.Release|x64.Build.0 = Release|Any CPU
		{E9FCB04C-AD62-49EB-A04F-B61521FCEA92}.Release|x86.ActiveCfg = Release|Any CPU
		{E9FCB04C-AD62-49EB-A04F-B61521FCEA92}.Release|x86.Build.0 = Release|Any CPU
		{8C36A60D-BBD8-452C-93DD-03049C2F196C}.Debug|Any CPU.ActiveCfg = Debug|Any CPU
		{8C36A60D-BBD8-452C-93DD-03049C2F196C}.Debug|Any CPU.Build.0 = Debug|Any CPU
		{8C36A60D-BBD8-452C-93DD-03049C2F196C}.Debug|x64.ActiveCfg = Debug|Any CPU
		{8C36A60D-BBD8-452C-93DD-03049C2F196C}.Debug|x64.Build.0 = Debug|Any CPU
		{8C36A60D-BBD8-452C-93DD-03049C2F196C}.Debug|x86.ActiveCfg = Debug|Any CPU
		{8C36A60D-BBD8-452C-93DD-03049C2F196C}.Debug|x86.Build.0 = Debug|Any CPU
		{8C36A60D-BBD8-452C-93DD-03049C2F196C}.Release|Any CPU.ActiveCfg = Release|Any CPU
		{8C36A60D-BBD8-452C-93DD-03049C2F196C}.Release|Any CPU.Build.0 = Release|Any CPU
		{8C36A60D-BBD8-452C-93DD-03049C2F196C}.Release|x64.ActiveCfg = Release|Any CPU
		{8C36A60D-BBD8-452C-93DD-03049C2F196C}.Release|x64.Build.0 = Release|Any CPU
		{8C36A60D-BBD8-452C-93DD-03049C2F196C}.Release|x86.ActiveCfg = Release|Any CPU
		{8C36A60D-BBD8-452C-93DD-03049C2F196C}.Release|x86.Build.0 = Release|Any CPU
		{22BF98BE-6709-43F6-BCA9-E72D95209747}.Debug|Any CPU.ActiveCfg = Debug|Any CPU
		{22BF98BE-6709-43F6-BCA9-E72D95209747}.Debug|Any CPU.Build.0 = Debug|Any CPU
		{22BF98BE-6709-43F6-BCA9-E72D95209747}.Debug|x64.ActiveCfg = Debug|Any CPU
		{22BF98BE-6709-43F6-BCA9-E72D95209747}.Debug|x64.Build.0 = Debug|Any CPU
		{22BF98BE-6709-43F6-BCA9-E72D95209747}.Debug|x86.ActiveCfg = Debug|Any CPU
		{22BF98BE-6709-43F6-BCA9-E72D95209747}.Debug|x86.Build.0 = Debug|Any CPU
		{22BF98BE-6709-43F6-BCA9-E72D95209747}.Release|Any CPU.ActiveCfg = Release|Any CPU
		{22BF98BE-6709-43F6-BCA9-E72D95209747}.Release|Any CPU.Build.0 = Release|Any CPU
		{22BF98BE-6709-43F6-BCA9-E72D95209747}.Release|x64.ActiveCfg = Release|Any CPU
		{22BF98BE-6709-43F6-BCA9-E72D95209747}.Release|x64.Build.0 = Release|Any CPU
		{22BF98BE-6709-43F6-BCA9-E72D95209747}.Release|x86.ActiveCfg = Release|Any CPU
		{22BF98BE-6709-43F6-BCA9-E72D95209747}.Release|x86.Build.0 = Release|Any CPU
		{D7C0204A-ED10-4276-8E6A-CCD082046233}.Debug|Any CPU.ActiveCfg = Debug|Any CPU
		{D7C0204A-ED10-4276-8E6A-CCD082046233}.Debug|Any CPU.Build.0 = Debug|Any CPU
		{D7C0204A-ED10-4276-8E6A-CCD082046233}.Debug|x64.ActiveCfg = Debug|Any CPU
		{D7C0204A-ED10-4276-8E6A-CCD082046233}.Debug|x64.Build.0 = Debug|Any CPU
		{D7C0204A-ED10-4276-8E6A-CCD082046233}.Debug|x86.ActiveCfg = Debug|Any CPU
		{D7C0204A-ED10-4276-8E6A-CCD082046233}.Debug|x86.Build.0 = Debug|Any CPU
		{D7C0204A-ED10-4276-8E6A-CCD082046233}.Release|Any CPU.ActiveCfg = Release|Any CPU
		{D7C0204A-ED10-4276-8E6A-CCD082046233}.Release|Any CPU.Build.0 = Release|Any CPU
		{D7C0204A-ED10-4276-8E6A-CCD082046233}.Release|x64.ActiveCfg = Release|Any CPU
		{D7C0204A-ED10-4276-8E6A-CCD082046233}.Release|x64.Build.0 = Release|Any CPU
		{D7C0204A-ED10-4276-8E6A-CCD082046233}.Release|x86.ActiveCfg = Release|Any CPU
		{D7C0204A-ED10-4276-8E6A-CCD082046233}.Release|x86.Build.0 = Release|Any CPU
		{BB538EFC-7345-422F-8549-D15B3020C5AB}.Debug|Any CPU.ActiveCfg = Debug|Any CPU
		{BB538EFC-7345-422F-8549-D15B3020C5AB}.Debug|Any CPU.Build.0 = Debug|Any CPU
		{BB538EFC-7345-422F-8549-D15B3020C5AB}.Debug|x64.ActiveCfg = Debug|Any CPU
		{BB538EFC-7345-422F-8549-D15B3020C5AB}.Debug|x64.Build.0 = Debug|Any CPU
		{BB538EFC-7345-422F-8549-D15B3020C5AB}.Debug|x86.ActiveCfg = Debug|Any CPU
		{BB538EFC-7345-422F-8549-D15B3020C5AB}.Debug|x86.Build.0 = Debug|Any CPU
		{BB538EFC-7345-422F-8549-D15B3020C5AB}.Release|Any CPU.ActiveCfg = Release|Any CPU
		{BB538EFC-7345-422F-8549-D15B3020C5AB}.Release|Any CPU.Build.0 = Release|Any CPU
		{BB538EFC-7345-422F-8549-D15B3020C5AB}.Release|x64.ActiveCfg = Release|Any CPU
		{BB538EFC-7345-422F-8549-D15B3020C5AB}.Release|x64.Build.0 = Release|Any CPU
		{BB538EFC-7345-422F-8549-D15B3020C5AB}.Release|x86.ActiveCfg = Release|Any CPU
		{BB538EFC-7345-422F-8549-D15B3020C5AB}.Release|x86.Build.0 = Release|Any CPU
		{7C53C0A1-5BA8-4D76-9C3D-4F404A397276}.Debug|Any CPU.ActiveCfg = Debug|Any CPU
		{7C53C0A1-5BA8-4D76-9C3D-4F404A397276}.Debug|Any CPU.Build.0 = Debug|Any CPU
		{7C53C0A1-5BA8-4D76-9C3D-4F404A397276}.Debug|x64.ActiveCfg = Debug|Any CPU
		{7C53C0A1-5BA8-4D76-9C3D-4F404A397276}.Debug|x64.Build.0 = Debug|Any CPU
		{7C53C0A1-5BA8-4D76-9C3D-4F404A397276}.Debug|x86.ActiveCfg = Debug|Any CPU
		{7C53C0A1-5BA8-4D76-9C3D-4F404A397276}.Debug|x86.Build.0 = Debug|Any CPU
		{7C53C0A1-5BA8-4D76-9C3D-4F404A397276}.Release|Any CPU.ActiveCfg = Release|Any CPU
		{7C53C0A1-5BA8-4D76-9C3D-4F404A397276}.Release|Any CPU.Build.0 = Release|Any CPU
		{7C53C0A1-5BA8-4D76-9C3D-4F404A397276}.Release|x64.ActiveCfg = Release|Any CPU
		{7C53C0A1-5BA8-4D76-9C3D-4F404A397276}.Release|x64.Build.0 = Release|Any CPU
		{7C53C0A1-5BA8-4D76-9C3D-4F404A397276}.Release|x86.ActiveCfg = Release|Any CPU
		{7C53C0A1-5BA8-4D76-9C3D-4F404A397276}.Release|x86.Build.0 = Release|Any CPU
		{6A167F04-280D-4DFE-86B2-FB2AD7994CF9}.Debug|Any CPU.ActiveCfg = Debug|Any CPU
		{6A167F04-280D-4DFE-86B2-FB2AD7994CF9}.Debug|Any CPU.Build.0 = Debug|Any CPU
		{6A167F04-280D-4DFE-86B2-FB2AD7994CF9}.Debug|x64.ActiveCfg = Debug|Any CPU
		{6A167F04-280D-4DFE-86B2-FB2AD7994CF9}.Debug|x64.Build.0 = Debug|Any CPU
		{6A167F04-280D-4DFE-86B2-FB2AD7994CF9}.Debug|x86.ActiveCfg = Debug|Any CPU
		{6A167F04-280D-4DFE-86B2-FB2AD7994CF9}.Debug|x86.Build.0 = Debug|Any CPU
		{6A167F04-280D-4DFE-86B2-FB2AD7994CF9}.Release|Any CPU.ActiveCfg = Release|Any CPU
		{6A167F04-280D-4DFE-86B2-FB2AD7994CF9}.Release|Any CPU.Build.0 = Release|Any CPU
		{6A167F04-280D-4DFE-86B2-FB2AD7994CF9}.Release|x64.ActiveCfg = Release|Any CPU
		{6A167F04-280D-4DFE-86B2-FB2AD7994CF9}.Release|x64.Build.0 = Release|Any CPU
		{6A167F04-280D-4DFE-86B2-FB2AD7994CF9}.Release|x86.ActiveCfg = Release|Any CPU
		{6A167F04-280D-4DFE-86B2-FB2AD7994CF9}.Release|x86.Build.0 = Release|Any CPU
		{CF23C222-77FC-4B1C-8530-D5BE9F6C6FF0}.Debug|Any CPU.ActiveCfg = Debug|Any CPU
		{CF23C222-77FC-4B1C-8530-D5BE9F6C6FF0}.Debug|Any CPU.Build.0 = Debug|Any CPU
		{CF23C222-77FC-4B1C-8530-D5BE9F6C6FF0}.Debug|x64.ActiveCfg = Debug|Any CPU
		{CF23C222-77FC-4B1C-8530-D5BE9F6C6FF0}.Debug|x64.Build.0 = Debug|Any CPU
		{CF23C222-77FC-4B1C-8530-D5BE9F6C6FF0}.Debug|x86.ActiveCfg = Debug|Any CPU
		{CF23C222-77FC-4B1C-8530-D5BE9F6C6FF0}.Debug|x86.Build.0 = Debug|Any CPU
		{CF23C222-77FC-4B1C-8530-D5BE9F6C6FF0}.Release|Any CPU.ActiveCfg = Release|Any CPU
		{CF23C222-77FC-4B1C-8530-D5BE9F6C6FF0}.Release|Any CPU.Build.0 = Release|Any CPU
		{CF23C222-77FC-4B1C-8530-D5BE9F6C6FF0}.Release|x64.ActiveCfg = Release|Any CPU
		{CF23C222-77FC-4B1C-8530-D5BE9F6C6FF0}.Release|x64.Build.0 = Release|Any CPU
		{CF23C222-77FC-4B1C-8530-D5BE9F6C6FF0}.Release|x86.ActiveCfg = Release|Any CPU
		{CF23C222-77FC-4B1C-8530-D5BE9F6C6FF0}.Release|x86.Build.0 = Release|Any CPU
		{043422F9-B04D-42D8-83A9-722CF5284AB7}.Debug|Any CPU.ActiveCfg = Debug|Any CPU
		{043422F9-B04D-42D8-83A9-722CF5284AB7}.Debug|Any CPU.Build.0 = Debug|Any CPU
		{043422F9-B04D-42D8-83A9-722CF5284AB7}.Debug|x64.ActiveCfg = Debug|Any CPU
		{043422F9-B04D-42D8-83A9-722CF5284AB7}.Debug|x64.Build.0 = Debug|Any CPU
		{043422F9-B04D-42D8-83A9-722CF5284AB7}.Debug|x86.ActiveCfg = Debug|Any CPU
		{043422F9-B04D-42D8-83A9-722CF5284AB7}.Debug|x86.Build.0 = Debug|Any CPU
		{043422F9-B04D-42D8-83A9-722CF5284AB7}.Release|Any CPU.ActiveCfg = Release|Any CPU
		{043422F9-B04D-42D8-83A9-722CF5284AB7}.Release|Any CPU.Build.0 = Release|Any CPU
		{043422F9-B04D-42D8-83A9-722CF5284AB7}.Release|x64.ActiveCfg = Release|Any CPU
		{043422F9-B04D-42D8-83A9-722CF5284AB7}.Release|x64.Build.0 = Release|Any CPU
		{043422F9-B04D-42D8-83A9-722CF5284AB7}.Release|x86.ActiveCfg = Release|Any CPU
		{043422F9-B04D-42D8-83A9-722CF5284AB7}.Release|x86.Build.0 = Release|Any CPU
		{73FF4838-829F-4C38-A59B-C3D10E9A0E62}.Debug|Any CPU.ActiveCfg = Debug|Any CPU
		{73FF4838-829F-4C38-A59B-C3D10E9A0E62}.Debug|Any CPU.Build.0 = Debug|Any CPU
		{73FF4838-829F-4C38-A59B-C3D10E9A0E62}.Debug|x64.ActiveCfg = Debug|Any CPU
		{73FF4838-829F-4C38-A59B-C3D10E9A0E62}.Debug|x64.Build.0 = Debug|Any CPU
		{73FF4838-829F-4C38-A59B-C3D10E9A0E62}.Debug|x86.ActiveCfg = Debug|Any CPU
		{73FF4838-829F-4C38-A59B-C3D10E9A0E62}.Debug|x86.Build.0 = Debug|Any CPU
		{73FF4838-829F-4C38-A59B-C3D10E9A0E62}.Release|Any CPU.ActiveCfg = Release|Any CPU
		{73FF4838-829F-4C38-A59B-C3D10E9A0E62}.Release|Any CPU.Build.0 = Release|Any CPU
		{73FF4838-829F-4C38-A59B-C3D10E9A0E62}.Release|x64.ActiveCfg = Release|Any CPU
		{73FF4838-829F-4C38-A59B-C3D10E9A0E62}.Release|x64.Build.0 = Release|Any CPU
		{73FF4838-829F-4C38-A59B-C3D10E9A0E62}.Release|x86.ActiveCfg = Release|Any CPU
		{73FF4838-829F-4C38-A59B-C3D10E9A0E62}.Release|x86.Build.0 = Release|Any CPU
		{3E63A4CB-81CB-4031-8DF8-56253DE76EC4}.Debug|Any CPU.ActiveCfg = Debug|Any CPU
		{3E63A4CB-81CB-4031-8DF8-56253DE76EC4}.Debug|Any CPU.Build.0 = Debug|Any CPU
		{3E63A4CB-81CB-4031-8DF8-56253DE76EC4}.Debug|x64.ActiveCfg = Debug|Any CPU
		{3E63A4CB-81CB-4031-8DF8-56253DE76EC4}.Debug|x64.Build.0 = Debug|Any CPU
		{3E63A4CB-81CB-4031-8DF8-56253DE76EC4}.Debug|x86.ActiveCfg = Debug|Any CPU
		{3E63A4CB-81CB-4031-8DF8-56253DE76EC4}.Debug|x86.Build.0 = Debug|Any CPU
		{3E63A4CB-81CB-4031-8DF8-56253DE76EC4}.Release|Any CPU.ActiveCfg = Release|Any CPU
		{3E63A4CB-81CB-4031-8DF8-56253DE76EC4}.Release|Any CPU.Build.0 = Release|Any CPU
		{3E63A4CB-81CB-4031-8DF8-56253DE76EC4}.Release|x64.ActiveCfg = Release|Any CPU
		{3E63A4CB-81CB-4031-8DF8-56253DE76EC4}.Release|x64.Build.0 = Release|Any CPU
		{3E63A4CB-81CB-4031-8DF8-56253DE76EC4}.Release|x86.ActiveCfg = Release|Any CPU
		{3E63A4CB-81CB-4031-8DF8-56253DE76EC4}.Release|x86.Build.0 = Release|Any CPU
		{C5239209-6690-4C96-A073-05E41D1AEBC3}.Debug|Any CPU.ActiveCfg = Debug|Any CPU
		{C5239209-6690-4C96-A073-05E41D1AEBC3}.Debug|Any CPU.Build.0 = Debug|Any CPU
		{C5239209-6690-4C96-A073-05E41D1AEBC3}.Debug|x64.ActiveCfg = Debug|Any CPU
		{C5239209-6690-4C96-A073-05E41D1AEBC3}.Debug|x64.Build.0 = Debug|Any CPU
		{C5239209-6690-4C96-A073-05E41D1AEBC3}.Debug|x86.ActiveCfg = Debug|Any CPU
		{C5239209-6690-4C96-A073-05E41D1AEBC3}.Debug|x86.Build.0 = Debug|Any CPU
		{C5239209-6690-4C96-A073-05E41D1AEBC3}.Release|Any CPU.ActiveCfg = Release|Any CPU
		{C5239209-6690-4C96-A073-05E41D1AEBC3}.Release|Any CPU.Build.0 = Release|Any CPU
		{C5239209-6690-4C96-A073-05E41D1AEBC3}.Release|x64.ActiveCfg = Release|Any CPU
		{C5239209-6690-4C96-A073-05E41D1AEBC3}.Release|x64.Build.0 = Release|Any CPU
		{C5239209-6690-4C96-A073-05E41D1AEBC3}.Release|x86.ActiveCfg = Release|Any CPU
		{C5239209-6690-4C96-A073-05E41D1AEBC3}.Release|x86.Build.0 = Release|Any CPU
		{D75ADAF9-5E12-46AC-A642-2ACF94832809}.Debug|Any CPU.ActiveCfg = Debug|Any CPU
		{D75ADAF9-5E12-46AC-A642-2ACF94832809}.Debug|Any CPU.Build.0 = Debug|Any CPU
		{D75ADAF9-5E12-46AC-A642-2ACF94832809}.Debug|x64.ActiveCfg = Debug|Any CPU
		{D75ADAF9-5E12-46AC-A642-2ACF94832809}.Debug|x64.Build.0 = Debug|Any CPU
		{D75ADAF9-5E12-46AC-A642-2ACF94832809}.Debug|x86.ActiveCfg = Debug|Any CPU
		{D75ADAF9-5E12-46AC-A642-2ACF94832809}.Debug|x86.Build.0 = Debug|Any CPU
		{D75ADAF9-5E12-46AC-A642-2ACF94832809}.Release|Any CPU.ActiveCfg = Release|Any CPU
		{D75ADAF9-5E12-46AC-A642-2ACF94832809}.Release|Any CPU.Build.0 = Release|Any CPU
		{D75ADAF9-5E12-46AC-A642-2ACF94832809}.Release|x64.ActiveCfg = Release|Any CPU
		{D75ADAF9-5E12-46AC-A642-2ACF94832809}.Release|x64.Build.0 = Release|Any CPU
		{D75ADAF9-5E12-46AC-A642-2ACF94832809}.Release|x86.ActiveCfg = Release|Any CPU
		{D75ADAF9-5E12-46AC-A642-2ACF94832809}.Release|x86.Build.0 = Release|Any CPU
		{75A55FEC-2156-4C73-A081-21CFA730F671}.Debug|Any CPU.ActiveCfg = Debug|Any CPU
		{75A55FEC-2156-4C73-A081-21CFA730F671}.Debug|Any CPU.Build.0 = Debug|Any CPU
		{75A55FEC-2156-4C73-A081-21CFA730F671}.Debug|x64.ActiveCfg = Debug|Any CPU
		{75A55FEC-2156-4C73-A081-21CFA730F671}.Debug|x64.Build.0 = Debug|Any CPU
		{75A55FEC-2156-4C73-A081-21CFA730F671}.Debug|x86.ActiveCfg = Debug|Any CPU
		{75A55FEC-2156-4C73-A081-21CFA730F671}.Debug|x86.Build.0 = Debug|Any CPU
		{75A55FEC-2156-4C73-A081-21CFA730F671}.Release|Any CPU.ActiveCfg = Release|Any CPU
		{75A55FEC-2156-4C73-A081-21CFA730F671}.Release|Any CPU.Build.0 = Release|Any CPU
		{75A55FEC-2156-4C73-A081-21CFA730F671}.Release|x64.ActiveCfg = Release|Any CPU
		{75A55FEC-2156-4C73-A081-21CFA730F671}.Release|x64.Build.0 = Release|Any CPU
		{75A55FEC-2156-4C73-A081-21CFA730F671}.Release|x86.ActiveCfg = Release|Any CPU
		{75A55FEC-2156-4C73-A081-21CFA730F671}.Release|x86.Build.0 = Release|Any CPU
		{308072E2-7B3A-4007-BE41-3EA7403A8A7B}.Debug|Any CPU.ActiveCfg = Debug|Any CPU
		{308072E2-7B3A-4007-BE41-3EA7403A8A7B}.Debug|Any CPU.Build.0 = Debug|Any CPU
		{308072E2-7B3A-4007-BE41-3EA7403A8A7B}.Debug|x64.ActiveCfg = Debug|Any CPU
		{308072E2-7B3A-4007-BE41-3EA7403A8A7B}.Debug|x64.Build.0 = Debug|Any CPU
		{308072E2-7B3A-4007-BE41-3EA7403A8A7B}.Debug|x86.ActiveCfg = Debug|Any CPU
		{308072E2-7B3A-4007-BE41-3EA7403A8A7B}.Debug|x86.Build.0 = Debug|Any CPU
		{308072E2-7B3A-4007-BE41-3EA7403A8A7B}.Release|Any CPU.ActiveCfg = Release|Any CPU
		{308072E2-7B3A-4007-BE41-3EA7403A8A7B}.Release|Any CPU.Build.0 = Release|Any CPU
		{308072E2-7B3A-4007-BE41-3EA7403A8A7B}.Release|x64.ActiveCfg = Release|Any CPU
		{308072E2-7B3A-4007-BE41-3EA7403A8A7B}.Release|x64.Build.0 = Release|Any CPU
		{308072E2-7B3A-4007-BE41-3EA7403A8A7B}.Release|x86.ActiveCfg = Release|Any CPU
		{308072E2-7B3A-4007-BE41-3EA7403A8A7B}.Release|x86.Build.0 = Release|Any CPU
	EndGlobalSection
	GlobalSection(SolutionProperties) = preSolution
		HideSolutionNode = FALSE
	EndGlobalSection
	GlobalSection(NestedProjects) = preSolution
		{8054E93C-EC51-42C5-8F59-5699C4AB920E} = {827E0CD3-B72D-47B6-A68D-7590B98EB39B}
		{9336017A-47F5-4459-8A16-3018BB9437DA} = {827E0CD3-B72D-47B6-A68D-7590B98EB39B}
		{E9FCB04C-AD62-49EB-A04F-B61521FCEA92} = {827E0CD3-B72D-47B6-A68D-7590B98EB39B}
		{8C36A60D-BBD8-452C-93DD-03049C2F196C} = {827E0CD3-B72D-47B6-A68D-7590B98EB39B}
		{22BF98BE-6709-43F6-BCA9-E72D95209747} = {827E0CD3-B72D-47B6-A68D-7590B98EB39B}
		{D7C0204A-ED10-4276-8E6A-CCD082046233} = {827E0CD3-B72D-47B6-A68D-7590B98EB39B}
		{BB538EFC-7345-422F-8549-D15B3020C5AB} = {827E0CD3-B72D-47B6-A68D-7590B98EB39B}
		{7C53C0A1-5BA8-4D76-9C3D-4F404A397276} = {0AB3BF05-4346-4AA6-1389-037BE0695223}
		{6A167F04-280D-4DFE-86B2-FB2AD7994CF9} = {0AB3BF05-4346-4AA6-1389-037BE0695223}
		{CF23C222-77FC-4B1C-8530-D5BE9F6C6FF0} = {0AB3BF05-4346-4AA6-1389-037BE0695223}
		{043422F9-B04D-42D8-83A9-722CF5284AB7} = {827E0CD3-B72D-47B6-A68D-7590B98EB39B}
		{73FF4838-829F-4C38-A59B-C3D10E9A0E62} = {827E0CD3-B72D-47B6-A68D-7590B98EB39B}
		{3E63A4CB-81CB-4031-8DF8-56253DE76EC4} = {0AB3BF05-4346-4AA6-1389-037BE0695223}
		{C5239209-6690-4C96-A073-05E41D1AEBC3} = {827E0CD3-B72D-47B6-A68D-7590B98EB39B}
		{D75ADAF9-5E12-46AC-A642-2ACF94832809} = {827E0CD3-B72D-47B6-A68D-7590B98EB39B}
		{75A55FEC-2156-4C73-A081-21CFA730F671} = {827E0CD3-B72D-47B6-A68D-7590B98EB39B}
		{308072E2-7B3A-4007-BE41-3EA7403A8A7B} = {0AB3BF05-4346-4AA6-1389-037BE0695223}
	EndGlobalSection
EndGlobal
